
Microsoft Visual Studio Solution File, Format Version 12.00
# Visual Studio Version 17
VisualStudioVersion = 17.0.31717.71
MinimumVisualStudioVersion = 10.0.40219.1
Project("{9A19103F-16F7-4668-BE54-9A1E7A4F7556}") = "SpecDrill", "SpecDrill\SpecDrill.csproj", "{E9223B33-98FC-4D5A-8C0E-E63011FD454E}"
EndProject
Project("{2150E333-8FDC-42A3-9474-1A3956D46DE8}") = "Solution Items", "Solution Items", "{634E48B4-FBA8-43CD-9F5D-2183640BD9D8}"
	ProjectSection(SolutionItems) = preProject
		incver.ps1 = incver.ps1
		LICENSE = LICENSE
		pack.ps1 = pack.ps1
		specdrill.png = specdrill.png
		specDrillConfig.json = specDrillConfig.json
	EndProjectSection
EndProject
Project("{9A19103F-16F7-4668-BE54-9A1E7A4F7556}") = "SpecDrill.Secondary.Adapters.WebDriver", "SpecDrill.Secondary.Adapters.WebDriver\SpecDrill.Secondary.Adapters.WebDriver.csproj", "{A8F68C17-F756-4FFB-ADA4-4F69E25D4809}"
EndProject
Project("{2150E333-8FDC-42A3-9474-1A3956D46DE8}") = "Secondary", "Secondary", "{DA1F62FA-67D6-4246-9AFA-018D72165657}"
EndProject
Project("{9A19103F-16F7-4668-BE54-9A1E7A4F7556}") = "SpecDrill.MsTest", "SpecDrill.MsTest\SpecDrill.MsTest.csproj", "{405307ED-862C-4A6F-97A8-67EDFC9F3D0F}"
EndProject
Project("{9A19103F-16F7-4668-BE54-9A1E7A4F7556}") = "SpecDrill.SpecFlow", "SpecDrill.SpecFlow\SpecDrill.SpecFlow.csproj", "{A2DF5CDA-1556-4F7F-91A5-0678964FB65B}"
EndProject
Project("{9A19103F-16F7-4668-BE54-9A1E7A4F7556}") = "SpecDrill.Tests", "SpecDrill.Tests\SpecDrill.Tests.csproj", "{CC0EA0EE-E6E9-45F5-878B-3DE42FB8FEBD}"
EndProject
Project("{9A19103F-16F7-4668-BE54-9A1E7A4F7556}") = "SpecDrill.Samples.MsTest", "SpecDrill.Samples.MsTest\SpecDrill.Samples.MsTest.csproj", "{786C9691-9F3C-4F6F-BF29-E976216AC105}"
EndProject
Project("{9A19103F-16F7-4668-BE54-9A1E7A4F7556}") = "SpecDrill.Samples.NUnit3", "SpecDrill.Samples.NUnit\SpecDrill.Samples.NUnit3.csproj", "{BD68D623-E1B8-4A11-AA06-C73F9006F6E9}"
EndProject
Project("{9A19103F-16F7-4668-BE54-9A1E7A4F7556}") = "SpecDrill.NUnit3", "SpecDrill.NUnit3\SpecDrill.NUnit3.csproj", "{D0506AA5-51E1-44E2-BCF3-B0BFDAAD80B2}"
EndProject
Project("{9A19103F-16F7-4668-BE54-9A1E7A4F7556}") = "SpecDrill.Infrastructure", "SpecDrill.Infrastructure\SpecDrill.Infrastructure.csproj", "{4B257C82-C439-4D79-BE02-70F7B233BA5A}"
EndProject
Project("{9A19103F-16F7-4668-BE54-9A1E7A4F7556}") = "SpecDrill.Secondary.Ports", "SpecDrill.Secondary.Ports\SpecDrill.Secondary.Ports.csproj", "{6B609F25-EFBC-4948-8BD1-79BA0E1C8278}"
EndProject
Global
	GlobalSection(SolutionConfigurationPlatforms) = preSolution
		Debug|Any CPU = Debug|Any CPU
		Debug|x86 = Debug|x86
		Release|Any CPU = Release|Any CPU
		Release|x86 = Release|x86
	EndGlobalSection
	GlobalSection(ProjectConfigurationPlatforms) = postSolution
		{E9223B33-98FC-4D5A-8C0E-E63011FD454E}.Debug|Any CPU.ActiveCfg = Debug|Any CPU
		{E9223B33-98FC-4D5A-8C0E-E63011FD454E}.Debug|Any CPU.Build.0 = Debug|Any CPU
		{E9223B33-98FC-4D5A-8C0E-E63011FD454E}.Debug|x86.ActiveCfg = Debug|Any CPU
		{E9223B33-98FC-4D5A-8C0E-E63011FD454E}.Release|Any CPU.ActiveCfg = Release|Any CPU
		{E9223B33-98FC-4D5A-8C0E-E63011FD454E}.Release|Any CPU.Build.0 = Release|Any CPU
		{E9223B33-98FC-4D5A-8C0E-E63011FD454E}.Release|x86.ActiveCfg = Release|Any CPU
		{A8F68C17-F756-4FFB-ADA4-4F69E25D4809}.Debug|Any CPU.ActiveCfg = Debug|Any CPU
		{A8F68C17-F756-4FFB-ADA4-4F69E25D4809}.Debug|Any CPU.Build.0 = Debug|Any CPU
		{A8F68C17-F756-4FFB-ADA4-4F69E25D4809}.Debug|x86.ActiveCfg = Debug|Any CPU
		{A8F68C17-F756-4FFB-ADA4-4F69E25D4809}.Release|Any CPU.ActiveCfg = Release|Any CPU
		{A8F68C17-F756-4FFB-ADA4-4F69E25D4809}.Release|Any CPU.Build.0 = Release|Any CPU
		{A8F68C17-F756-4FFB-ADA4-4F69E25D4809}.Release|x86.ActiveCfg = Release|Any CPU
		{405307ED-862C-4A6F-97A8-67EDFC9F3D0F}.Debug|Any CPU.ActiveCfg = Debug|Any CPU
		{405307ED-862C-4A6F-97A8-67EDFC9F3D0F}.Debug|Any CPU.Build.0 = Debug|Any CPU
		{405307ED-862C-4A6F-97A8-67EDFC9F3D0F}.Debug|x86.ActiveCfg = Debug|Any CPU
		{405307ED-862C-4A6F-97A8-67EDFC9F3D0F}.Debug|x86.Build.0 = Debug|Any CPU
		{405307ED-862C-4A6F-97A8-67EDFC9F3D0F}.Release|Any CPU.ActiveCfg = Release|Any CPU
		{405307ED-862C-4A6F-97A8-67EDFC9F3D0F}.Release|Any CPU.Build.0 = Release|Any CPU
		{405307ED-862C-4A6F-97A8-67EDFC9F3D0F}.Release|x86.ActiveCfg = Release|Any CPU
		{405307ED-862C-4A6F-97A8-67EDFC9F3D0F}.Release|x86.Build.0 = Release|Any CPU
		{A2DF5CDA-1556-4F7F-91A5-0678964FB65B}.Debug|Any CPU.ActiveCfg = Debug|Any CPU
		{A2DF5CDA-1556-4F7F-91A5-0678964FB65B}.Debug|Any CPU.Build.0 = Debug|Any CPU
		{A2DF5CDA-1556-4F7F-91A5-0678964FB65B}.Debug|x86.ActiveCfg = Debug|Any CPU
		{A2DF5CDA-1556-4F7F-91A5-0678964FB65B}.Debug|x86.Build.0 = Debug|Any CPU
		{A2DF5CDA-1556-4F7F-91A5-0678964FB65B}.Release|Any CPU.ActiveCfg = Release|Any CPU
		{A2DF5CDA-1556-4F7F-91A5-0678964FB65B}.Release|Any CPU.Build.0 = Release|Any CPU
		{A2DF5CDA-1556-4F7F-91A5-0678964FB65B}.Release|x86.ActiveCfg = Release|Any CPU
		{A2DF5CDA-1556-4F7F-91A5-0678964FB65B}.Release|x86.Build.0 = Release|Any CPU
		{CC0EA0EE-E6E9-45F5-878B-3DE42FB8FEBD}.Debug|Any CPU.ActiveCfg = Debug|Any CPU
		{CC0EA0EE-E6E9-45F5-878B-3DE42FB8FEBD}.Debug|Any CPU.Build.0 = Debug|Any CPU
		{CC0EA0EE-E6E9-45F5-878B-3DE42FB8FEBD}.Debug|x86.ActiveCfg = Debug|Any CPU
		{CC0EA0EE-E6E9-45F5-878B-3DE42FB8FEBD}.Debug|x86.Build.0 = Debug|Any CPU
		{CC0EA0EE-E6E9-45F5-878B-3DE42FB8FEBD}.Release|Any CPU.ActiveCfg = Release|Any CPU
		{CC0EA0EE-E6E9-45F5-878B-3DE42FB8FEBD}.Release|Any CPU.Build.0 = Release|Any CPU
		{CC0EA0EE-E6E9-45F5-878B-3DE42FB8FEBD}.Release|x86.ActiveCfg = Release|Any CPU
		{CC0EA0EE-E6E9-45F5-878B-3DE42FB8FEBD}.Release|x86.Build.0 = Release|Any CPU
		{786C9691-9F3C-4F6F-BF29-E976216AC105}.Debug|Any CPU.ActiveCfg = Debug|Any CPU
		{786C9691-9F3C-4F6F-BF29-E976216AC105}.Debug|Any CPU.Build.0 = Debug|Any CPU
		{786C9691-9F3C-4F6F-BF29-E976216AC105}.Debug|x86.ActiveCfg = Debug|Any CPU
		{786C9691-9F3C-4F6F-BF29-E976216AC105}.Debug|x86.Build.0 = Debug|Any CPU
		{786C9691-9F3C-4F6F-BF29-E976216AC105}.Release|Any CPU.ActiveCfg = Release|Any CPU
		{786C9691-9F3C-4F6F-BF29-E976216AC105}.Release|Any CPU.Build.0 = Release|Any CPU
		{786C9691-9F3C-4F6F-BF29-E976216AC105}.Release|x86.ActiveCfg = Release|Any CPU
		{786C9691-9F3C-4F6F-BF29-E976216AC105}.Release|x86.Build.0 = Release|Any CPU
		{BD68D623-E1B8-4A11-AA06-C73F9006F6E9}.Debug|Any CPU.ActiveCfg = Debug|Any CPU
		{BD68D623-E1B8-4A11-AA06-C73F9006F6E9}.Debug|Any CPU.Build.0 = Debug|Any CPU
		{BD68D623-E1B8-4A11-AA06-C73F9006F6E9}.Debug|x86.ActiveCfg = Debug|Any CPU
		{BD68D623-E1B8-4A11-AA06-C73F9006F6E9}.Debug|x86.Build.0 = Debug|Any CPU
		{BD68D623-E1B8-4A11-AA06-C73F9006F6E9}.Release|Any CPU.ActiveCfg = Release|Any CPU
		{BD68D623-E1B8-4A11-AA06-C73F9006F6E9}.Release|Any CPU.Build.0 = Release|Any CPU
		{BD68D623-E1B8-4A11-AA06-C73F9006F6E9}.Release|x86.ActiveCfg = Release|Any CPU
		{BD68D623-E1B8-4A11-AA06-C73F9006F6E9}.Release|x86.Build.0 = Release|Any CPU
		{D0506AA5-51E1-44E2-BCF3-B0BFDAAD80B2}.Debug|Any CPU.ActiveCfg = Debug|Any CPU
		{D0506AA5-51E1-44E2-BCF3-B0BFDAAD80B2}.Debug|Any CPU.Build.0 = Debug|Any CPU
		{D0506AA5-51E1-44E2-BCF3-B0BFDAAD80B2}.Debug|x86.ActiveCfg = Debug|Any CPU
		{D0506AA5-51E1-44E2-BCF3-B0BFDAAD80B2}.Debug|x86.Build.0 = Debug|Any CPU
		{D0506AA5-51E1-44E2-BCF3-B0BFDAAD80B2}.Release|Any CPU.ActiveCfg = Release|Any CPU
		{D0506AA5-51E1-44E2-BCF3-B0BFDAAD80B2}.Release|Any CPU.Build.0 = Release|Any CPU
		{D0506AA5-51E1-44E2-BCF3-B0BFDAAD80B2}.Release|x86.ActiveCfg = Release|Any CPU
		{D0506AA5-51E1-44E2-BCF3-B0BFDAAD80B2}.Release|x86.Build.0 = Release|Any CPU
		{4B257C82-C439-4D79-BE02-70F7B233BA5A}.Debug|Any CPU.ActiveCfg = Debug|Any CPU
		{4B257C82-C439-4D79-BE02-70F7B233BA5A}.Debug|Any CPU.Build.0 = Debug|Any CPU
		{4B257C82-C439-4D79-BE02-70F7B233BA5A}.Debug|x86.ActiveCfg = Debug|Any CPU
		{4B257C82-C439-4D79-BE02-70F7B233BA5A}.Debug|x86.Build.0 = Debug|Any CPU
		{4B257C82-C439-4D79-BE02-70F7B233BA5A}.Release|Any CPU.ActiveCfg = Release|Any CPU
		{4B257C82-C439-4D79-BE02-70F7B233BA5A}.Release|Any CPU.Build.0 = Release|Any CPU
		{4B257C82-C439-4D79-BE02-70F7B233BA5A}.Release|x86.ActiveCfg = Release|Any CPU
		{4B257C82-C439-4D79-BE02-70F7B233BA5A}.Release|x86.Build.0 = Release|Any CPU
		{6B609F25-EFBC-4948-8BD1-79BA0E1C8278}.Debug|Any CPU.ActiveCfg = Debug|Any CPU
		{6B609F25-EFBC-4948-8BD1-79BA0E1C8278}.Debug|Any CPU.Build.0 = Debug|Any CPU
		{6B609F25-EFBC-4948-8BD1-79BA0E1C8278}.Debug|x86.ActiveCfg = Debug|Any CPU
		{6B609F25-EFBC-4948-8BD1-79BA0E1C8278}.Debug|x86.Build.0 = Debug|Any CPU
		{6B609F25-EFBC-4948-8BD1-79BA0E1C8278}.Release|Any CPU.ActiveCfg = Release|Any CPU
		{6B609F25-EFBC-4948-8BD1-79BA0E1C8278}.Release|Any CPU.Build.0 = Release|Any CPU
		{6B609F25-EFBC-4948-8BD1-79BA0E1C8278}.Release|x86.ActiveCfg = Release|Any CPU
		{6B609F25-EFBC-4948-8BD1-79BA0E1C8278}.Release|x86.Build.0 = Release|Any CPU
	EndGlobalSection
	GlobalSection(SolutionProperties) = preSolution
		HideSolutionNode = FALSE
	EndGlobalSection
	GlobalSection(NestedProjects) = preSolution
		{A8F68C17-F756-4FFB-ADA4-4F69E25D4809} = {DA1F62FA-67D6-4246-9AFA-018D72165657}
		{6B609F25-EFBC-4948-8BD1-79BA0E1C8278} = {DA1F62FA-67D6-4246-9AFA-018D72165657}
	EndGlobalSection
	GlobalSection(ExtensibilityGlobals) = postSolution
		SolutionGuid = {7A1CD798-9F2F-48E2-8D98-68B1E6DC728E}
	EndGlobalSection
EndGlobal
